
Microsoft Visual Studio Solution File, Format Version 12.00
# Visual Studio Version 16
VisualStudioVersion = 16.0.32901.82
MinimumVisualStudioVersion = 10.0.40219.1
Project("{9A19103F-16F7-4668-BE54-9A1E7A4F7556}") = "Привiтики", "Привiтики\Привiтики.csproj", "{58330F09-1F45-4126-A072-E5F75F3DB4C3}"
EndProject
Project("{9A19103F-16F7-4668-BE54-9A1E7A4F7556}") = "Кiлькiсть непарних цифр", "Кiлькiсть непарних цифр\Кiлькiсть непарних цифр.csproj", "{23E0DFDE-D566-424D-AA96-F0DB76C79F35}"
EndProject
Project("{9A19103F-16F7-4668-BE54-9A1E7A4F7556}") = "Сума цифр двiйкового подання", "Сума цифр двiйкового подання\Сума цифр двiйкового подання.csproj", "{5C6399C9-90B6-4141-8378-80D337FBC5B6}"
EndProject
Project("{FAE04EC0-301F-11D3-BF4B-00C04F79EFBC}") = "Степiнь двiйки", "Степiнь двiйки\Степiнь двiйки.csproj", "{FEB99A19-F91B-4B6E-8DD8-B79F486E0E37}"
EndProject
Project("{FAE04EC0-301F-11D3-BF4B-00C04F79EFBC}") = "Банк", "Банк\Банк.csproj", "{6B9E8334-53FB-48D4-9C0F-1592ACF6EB12}"
EndProject
Project("{FAE04EC0-301F-11D3-BF4B-00C04F79EFBC}") = "Довжина послiдовностi", "Довжина послiдовностi\Довжина послiдовностi.csproj", "{3EC67023-DC44-4AEF-99CB-83C68E006F61}"
EndProject
Project("{FAE04EC0-301F-11D3-BF4B-00C04F79EFBC}") = "Найменший дiльник", "Найменший дiльник\Найменший дiльник.csproj", "{D487DE9B-7F5D-4C7C-9249-5263C67D2C15}"
EndProject
Project("{FAE04EC0-301F-11D3-BF4B-00C04F79EFBC}") = "Сума послiдовностi", "Сума послiдовностi\Сума послiдовностi.csproj", "{9FC0D21B-7658-494B-A2CE-72BA846AF66B}"
EndProject
Project("{FAE04EC0-301F-11D3-BF4B-00C04F79EFBC}") = "Середнє арифметичне", "Середнє арифметичне\Середнє арифметичне.csproj", "{0299E805-F147-4692-A352-F8F39D1FF19C}"
EndProject
Project("{FAE04EC0-301F-11D3-BF4B-00C04F79EFBC}") = "Кiлькiсть непарних елементiв", "Кiлькiсть непарних елементiв\Кiлькiсть непарних елементiв.csproj", "{84724DD5-C711-4CB5-8CC0-5E8EB30A3675}"
EndProject
Global
	GlobalSection(SolutionConfigurationPlatforms) = preSolution
		Debug|Any CPU = Debug|Any CPU
		Release|Any CPU = Release|Any CPU
	EndGlobalSection
	GlobalSection(ProjectConfigurationPlatforms) = postSolution
		{58330F09-1F45-4126-A072-E5F75F3DB4C3}.Debug|Any CPU.ActiveCfg = Debug|Any CPU
		{58330F09-1F45-4126-A072-E5F75F3DB4C3}.Debug|Any CPU.Build.0 = Debug|Any CPU
		{58330F09-1F45-4126-A072-E5F75F3DB4C3}.Release|Any CPU.ActiveCfg = Release|Any CPU
		{58330F09-1F45-4126-A072-E5F75F3DB4C3}.Release|Any CPU.Build.0 = Release|Any CPU
		{23E0DFDE-D566-424D-AA96-F0DB76C79F35}.Debug|Any CPU.ActiveCfg = Debug|Any CPU
		{23E0DFDE-D566-424D-AA96-F0DB76C79F35}.Debug|Any CPU.Build.0 = Debug|Any CPU
		{23E0DFDE-D566-424D-AA96-F0DB76C79F35}.Release|Any CPU.ActiveCfg = Release|Any CPU
		{23E0DFDE-D566-424D-AA96-F0DB76C79F35}.Release|Any CPU.Build.0 = Release|Any CPU
		{5C6399C9-90B6-4141-8378-80D337FBC5B6}.Debug|Any CPU.ActiveCfg = Debug|Any CPU
		{5C6399C9-90B6-4141-8378-80D337FBC5B6}.Debug|Any CPU.Build.0 = Debug|Any CPU
		{5C6399C9-90B6-4141-8378-80D337FBC5B6}.Release|Any CPU.ActiveCfg = Release|Any CPU
		{5C6399C9-90B6-4141-8378-80D337FBC5B6}.Release|Any CPU.Build.0 = Release|Any CPU
		{FEB99A19-F91B-4B6E-8DD8-B79F486E0E37}.Debug|Any CPU.ActiveCfg = Debug|Any CPU
		{FEB99A19-F91B-4B6E-8DD8-B79F486E0E37}.Debug|Any CPU.Build.0 = Debug|Any CPU
		{FEB99A19-F91B-4B6E-8DD8-B79F486E0E37}.Release|Any CPU.ActiveCfg = Release|Any CPU
		{FEB99A19-F91B-4B6E-8DD8-B79F486E0E37}.Release|Any CPU.Build.0 = Release|Any CPU
		{6B9E8334-53FB-48D4-9C0F-1592ACF6EB12}.Debug|Any CPU.ActiveCfg = Debug|Any CPU
		{6B9E8334-53FB-48D4-9C0F-1592ACF6EB12}.Debug|Any CPU.Build.0 = Debug|Any CPU
		{6B9E8334-53FB-48D4-9C0F-1592ACF6EB12}.Release|Any CPU.ActiveCfg = Release|Any CPU
		{6B9E8334-53FB-48D4-9C0F-1592ACF6EB12}.Release|Any CPU.Build.0 = Release|Any CPU
		{3EC67023-DC44-4AEF-99CB-83C68E006F61}.Debug|Any CPU.ActiveCfg = Debug|Any CPU
		{3EC67023-DC44-4AEF-99CB-83C68E006F61}.Debug|Any CPU.Build.0 = Debug|Any CPU
		{3EC67023-DC44-4AEF-99CB-83C68E006F61}.Release|Any CPU.ActiveCfg = Release|Any CPU
		{3EC67023-DC44-4AEF-99CB-83C68E006F61}.Release|Any CPU.Build.0 = Release|Any CPU
		{D487DE9B-7F5D-4C7C-9249-5263C67D2C15}.Debug|Any CPU.ActiveCfg = Debug|Any CPU
		{D487DE9B-7F5D-4C7C-9249-5263C67D2C15}.Debug|Any CPU.Build.0 = Debug|Any CPU
		{D487DE9B-7F5D-4C7C-9249-5263C67D2C15}.Release|Any CPU.ActiveCfg = Release|Any CPU
		{D487DE9B-7F5D-4C7C-9249-5263C67D2C15}.Release|Any CPU.Build.0 = Release|Any CPU
		{9FC0D21B-7658-494B-A2CE-72BA846AF66B}.Debug|Any CPU.ActiveCfg = Debug|Any CPU
		{9FC0D21B-7658-494B-A2CE-72BA846AF66B}.Debug|Any CPU.Build.0 = Debug|Any CPU
		{9FC0D21B-7658-494B-A2CE-72BA846AF66B}.Release|Any CPU.ActiveCfg = Release|Any CPU
		{9FC0D21B-7658-494B-A2CE-72BA846AF66B}.Release|Any CPU.Build.0 = Release|Any CPU
		{0299E805-F147-4692-A352-F8F39D1FF19C}.Debug|Any CPU.ActiveCfg = Debug|Any CPU
		{0299E805-F147-4692-A352-F8F39D1FF19C}.Debug|Any CPU.Build.0 = Debug|Any CPU
		{0299E805-F147-4692-A352-F8F39D1FF19C}.Release|Any CPU.ActiveCfg = Release|Any CPU
		{0299E805-F147-4692-A352-F8F39D1FF19C}.Release|Any CPU.Build.0 = Release|Any CPU
		{84724DD5-C711-4CB5-8CC0-5E8EB30A3675}.Debug|Any CPU.ActiveCfg = Debug|Any CPU
		{84724DD5-C711-4CB5-8CC0-5E8EB30A3675}.Debug|Any CPU.Build.0 = Debug|Any CPU
		{84724DD5-C711-4CB5-8CC0-5E8EB30A3675}.Release|Any CPU.ActiveCfg = Release|Any CPU
		{84724DD5-C711-4CB5-8CC0-5E8EB30A3675}.Release|Any CPU.Build.0 = Release|Any CPU
	EndGlobalSection
	GlobalSection(SolutionProperties) = preSolution
		HideSolutionNode = FALSE
	EndGlobalSection
	GlobalSection(ExtensibilityGlobals) = postSolution
		SolutionGuid = {2BFEA1CE-9D45-44D4-82AC-C222BC8F5772}
	EndGlobalSection
EndGlobal
